
Microsoft Visual Studio Solution File, Format Version 12.00
# Visual Studio Version 17
VisualStudioVersion = 17.8.34330.188
MinimumVisualStudioVersion = 10.0.40219.1
Project("{FAE04EC0-301F-11D3-BF4B-00C04F79EFBC}") = "RabbitDeclareExchangeWorker", "RabbitDeclareExchangeWorker\RabbitDeclareExchangeWorker.csproj", "{BF998527-3A24-4DED-83F9-9D8CE701966B}"
EndProject
Project("{E53339B2-1760-4266-BCC7-CA923CBCF16C}") = "docker-compose", "docker-compose.dcproj", "{16F0C6BB-BAE8-4F25-89BB-ACE7913B62EA}"
EndProject
Global
	GlobalSection(SolutionConfigurationPlatforms) = preSolution
		Debug|Any CPU = Debug|Any CPU
		Release|Any CPU = Release|Any CPU
	EndGlobalSection
	GlobalSection(ProjectConfigurationPlatforms) = postSolution
		{BF998527-3A24-4DED-83F9-9D8CE701966B}.Debug|Any CPU.ActiveCfg = Debug|Any CPU
		{BF998527-3A24-4DED-83F9-9D8CE701966B}.Debug|Any CPU.Build.0 = Debug|Any CPU
		{BF998527-3A24-4DED-83F9-9D8CE701966B}.Release|Any CPU.ActiveCfg = Release|Any CPU
		{BF998527-3A24-4DED-83F9-9D8CE701966B}.Release|Any CPU.Build.0 = Release|Any CPU
		{16F0C6BB-BAE8-4F25-89BB-ACE7913B62EA}.Debug|Any CPU.ActiveCfg = Debug|Any CPU
		{16F0C6BB-BAE8-4F25-89BB-ACE7913B62EA}.Debug|Any CPU.Build.0 = Debug|Any CPU
		{16F0C6BB-BAE8-4F25-89BB-ACE7913B62EA}.Release|Any CPU.ActiveCfg = Release|Any CPU
		{16F0C6BB-BAE8-4F25-89BB-ACE7913B62EA}.Release|Any CPU.Build.0 = Release|Any CPU
	EndGlobalSection
	GlobalSection(SolutionProperties) = preSolution
		HideSolutionNode = FALSE
	EndGlobalSection
	GlobalSection(ExtensibilityGlobals) = postSolution
		SolutionGuid = {261EE3A9-3B3D-4A98-92F3-398C518AA4B9}
	EndGlobalSection
EndGlobal
